<?xml version="1.0" encoding="UTF-8"?>
<CodeBlocks_project_file>
	<FileVersion major="1" minor="6"/>
	<Project>
		<Option title="EogenVirtualMachine"/>
		<Option makefile_is_custom="1"/>
		<Option compiler="gcc"/>
		<Option virtualFolders="CMake Files\;"/>
		<Build>
			<Target title="all">
				<Option working_dir="/home/keyhan/projects/c++/EogenVirtualMachine"/>
				<Option type="4"/>
				<MakeCommands>
					<Build command="/usr/bin/make -f &quot;/home/keyhan/projects/c++/EogenVirtualMachine/Makefile&quot;  VERBOSE=1 all"/>
					<CompileFile command="/usr/bin/make -f &quot;/home/keyhan/projects/c++/EogenVirtualMachine/Makefile&quot;  VERBOSE=1 &quot;$file&quot;"/>
					<Clean command="/usr/bin/make -f &quot;/home/keyhan/projects/c++/EogenVirtualMachine/Makefile&quot;  VERBOSE=1 clean"/>
					<DistClean command="/usr/bin/make -f &quot;/home/keyhan/projects/c++/EogenVirtualMachine/Makefile&quot;  VERBOSE=1 clean"/>
				</MakeCommands>
			</Target>
			<Target title="rebuild_cache">
				<Option working_dir="/home/keyhan/projects/c++/EogenVirtualMachine"/>
				<Option type="4"/>
				<MakeCommands>
					<Build command="/usr/bin/make -f &quot;/home/keyhan/projects/c++/EogenVirtualMachine/Makefile&quot;  VERBOSE=1 rebuild_cache"/>
					<CompileFile command="/usr/bin/make -f &quot;/home/keyhan/projects/c++/EogenVirtualMachine/Makefile&quot;  VERBOSE=1 &quot;$file&quot;"/>
					<Clean command="/usr/bin/make -f &quot;/home/keyhan/projects/c++/EogenVirtualMachine/Makefile&quot;  VERBOSE=1 clean"/>
					<DistClean command="/usr/bin/make -f &quot;/home/keyhan/projects/c++/EogenVirtualMachine/Makefile&quot;  VERBOSE=1 clean"/>
				</MakeCommands>
			</Target>
			<Target title="EogenVirtualMachine">
				<Option output="/home/keyhan/projects/c++/EogenVirtualMachine/EogenVirtualMachine" prefix_auto="0" extension_auto="0"/>
				<Option working_dir="/home/keyhan/projects/c++/EogenVirtualMachine"/>
				<Option object_output="./"/>
				<Option type="1"/>
				<Option compiler="gcc"/>
				<Compiler>
					<Add directory="/home/keyhan/globe_libs/boost_1_70_0"/>
					<Add directory="/home/keyhan/globe_libs/mpir-3.0.0"/>
					<Add directory="/home/keyhan/projects/c++/EogenVirtualMachine/api"/>
					<Add directory="/home/keyhan/projects/c++/EogenVirtualMachine/include"/>
				</Compiler>
				<MakeCommands>
					<Build command="/usr/bin/make -f &quot;/home/keyhan/projects/c++/EogenVirtualMachine/Makefile&quot;  VERBOSE=1 EogenVirtualMachine"/>
					<CompileFile command="/usr/bin/make -f &quot;/home/keyhan/projects/c++/EogenVirtualMachine/Makefile&quot;  VERBOSE=1 &quot;$file&quot;"/>
					<Clean command="/usr/bin/make -f &quot;/home/keyhan/projects/c++/EogenVirtualMachine/Makefile&quot;  VERBOSE=1 clean"/>
					<DistClean command="/usr/bin/make -f &quot;/home/keyhan/projects/c++/EogenVirtualMachine/Makefile&quot;  VERBOSE=1 clean"/>
				</MakeCommands>
			</Target>
			<Target title="EogenVirtualMachine/fast">
				<Option output="/home/keyhan/projects/c++/EogenVirtualMachine/EogenVirtualMachine" prefix_auto="0" extension_auto="0"/>
				<Option working_dir="/home/keyhan/projects/c++/EogenVirtualMachine"/>
				<Option object_output="./"/>
				<Option type="1"/>
				<Option compiler="gcc"/>
				<Compiler>
					<Add directory="/home/keyhan/globe_libs/boost_1_70_0"/>
					<Add directory="/home/keyhan/globe_libs/mpir-3.0.0"/>
					<Add directory="/home/keyhan/projects/c++/EogenVirtualMachine/api"/>
					<Add directory="/home/keyhan/projects/c++/EogenVirtualMachine/include"/>
				</Compiler>
				<MakeCommands>
					<Build command="/usr/bin/make -f &quot;/home/keyhan/projects/c++/EogenVirtualMachine/Makefile&quot;  VERBOSE=1 EogenVirtualMachine/fast"/>
					<CompileFile command="/usr/bin/make -f &quot;/home/keyhan/projects/c++/EogenVirtualMachine/Makefile&quot;  VERBOSE=1 &quot;$file&quot;"/>
					<Clean command="/usr/bin/make -f &quot;/home/keyhan/projects/c++/EogenVirtualMachine/Makefile&quot;  VERBOSE=1 clean"/>
					<DistClean command="/usr/bin/make -f &quot;/home/keyhan/projects/c++/EogenVirtualMachine/Makefile&quot;  VERBOSE=1 clean"/>
				</MakeCommands>
			</Target>
			<Target title="edit_cache">
				<Option working_dir="/home/keyhan/projects/c++/EogenVirtualMachine"/>
				<Option type="4"/>
				<MakeCommands>
					<Build command="/usr/bin/make -f &quot;/home/keyhan/projects/c++/EogenVirtualMachine/Makefile&quot;  VERBOSE=1 edit_cache"/>
					<CompileFile command="/usr/bin/make -f &quot;/home/keyhan/projects/c++/EogenVirtualMachine/Makefile&quot;  VERBOSE=1 &quot;$file&quot;"/>
					<Clean command="/usr/bin/make -f &quot;/home/keyhan/projects/c++/EogenVirtualMachine/Makefile&quot;  VERBOSE=1 clean"/>
					<DistClean command="/usr/bin/make -f &quot;/home/keyhan/projects/c++/EogenVirtualMachine/Makefile&quot;  VERBOSE=1 clean"/>
				</MakeCommands>
			</Target>
		</Build>
		<Unit filename="/home/keyhan/projects/c++/EogenVirtualMachine/v3/Dictionary.c">
			<Option target="EogenVirtualMachine"/>
		</Unit>
		<Unit filename="/home/keyhan/projects/c++/EogenVirtualMachine/v3/Dictionary.h">
			<Option target="EogenVirtualMachine"/>
		</Unit>
		<Unit filename="/home/keyhan/projects/c++/EogenVirtualMachine/v3/List.h">
			<Option target="EogenVirtualMachine"/>
		</Unit>
		<Unit filename="/home/keyhan/projects/c++/EogenVirtualMachine/v3/Models.h">
			<Option target="EogenVirtualMachine"/>
		</Unit>
		<Unit filename="/home/keyhan/projects/c++/EogenVirtualMachine/v3/Rider.h">
			<Option target="EogenVirtualMachine"/>
		</Unit>
		<Unit filename="/home/keyhan/projects/c++/EogenVirtualMachine/v3/Stack.h">
			<Option target="EogenVirtualMachine"/>
		</Unit>
		<Unit filename="/home/keyhan/projects/c++/EogenVirtualMachine/v3/main.c">
			<Option target="EogenVirtualMachine"/>
		</Unit>
		<Unit filename="/home/keyhan/projects/c++/EogenVirtualMachine/CMakeLists.txt">
			<Option virtualFolder="CMake Files\"/>
		</Unit>
	</Project>
</CodeBlocks_project_file>
